// !$*UTF8*$!
{
	archiveVersion = 1;
	classes = {
	};
	objectVersion = 46;
	objects = {

/* Begin PBXBuildFile section */
		208EA3C016EA039700AF06CE /* UIKit.framework in Frameworks */ = {isa = PBXBuildFile; fileRef = 208EA3BF16EA039700AF06CE /* UIKit.framework */; };
		208EA3C216EA039700AF06CE /* Foundation.framework in Frameworks */ = {isa = PBXBuildFile; fileRef = 208EA3C116EA039700AF06CE /* Foundation.framework */; };
		208EA3C416EA039700AF06CE /* CoreGraphics.framework in Frameworks */ = {isa = PBXBuildFile; fileRef = 208EA3C316EA039700AF06CE /* CoreGraphics.framework */; };
		208EA3CA16EA039700AF06CE /* InfoPlist.strings in Resources */ = {isa = PBXBuildFile; fileRef = 208EA3C816EA039700AF06CE /* InfoPlist.strings */; };
		208EA3CC16EA039700AF06CE /* main.m in Sources */ = {isa = PBXBuildFile; fileRef = 208EA3CB16EA039700AF06CE /* main.m */; };
		208EA3D016EA039700AF06CE /* AppDelegate.m in Sources */ = {isa = PBXBuildFile; fileRef = 208EA3CF16EA039700AF06CE /* AppDelegate.m */; };
		208EA3D216EA039700AF06CE /* Default.png in Resources */ = {isa = PBXBuildFile; fileRef = 208EA3D116EA039700AF06CE /* Default.png */; };
		208EA3D416EA039700AF06CE /* Default@2x.png in Resources */ = {isa = PBXBuildFile; fileRef = 208EA3D316EA039700AF06CE /* Default@2x.png */; };
		208EA3D616EA039700AF06CE /* Default-568h@2x.png in Resources */ = {isa = PBXBuildFile; fileRef = 208EA3D516EA039700AF06CE /* Default-568h@2x.png */; };
		208EA3D916EA039700AF06CE /* ViewController.m in Sources */ = {isa = PBXBuildFile; fileRef = 208EA3D816EA039700AF06CE /* ViewController.m */; };
		208EA3DC16EA039700AF06CE /* ViewController_iPhone.xib in Resources */ = {isa = PBXBuildFile; fileRef = 208EA3DA16EA039700AF06CE /* ViewController_iPhone.xib */; };
		208EA3DF16EA039700AF06CE /* ViewController_iPad.xib in Resources */ = {isa = PBXBuildFile; fileRef = 208EA3DD16EA039700AF06CE /* ViewController_iPad.xib */; };
		208EA3EA16EA048000AF06CE /* AudioStreamer.m in Sources */ = {isa = PBXBuildFile; fileRef = 208EA3E716EA048000AF06CE /* AudioStreamer.m */; settings = {COMPILER_FLAGS = "-fno-objc-arc"; }; };
		208EA3EB16EA048000AF06CE /* PodcastEngine.m in Sources */ = {isa = PBXBuildFile; fileRef = 208EA3E916EA048000AF06CE /* PodcastEngine.m */; };
		208EA3F816EA051100AF06CE /* SMEvent.m in Sources */ = {isa = PBXBuildFile; fileRef = 208EA3EF16EA051100AF06CE /* SMEvent.m */; };
		208EA3F916EA051100AF06CE /* SMEventDispatcher.m in Sources */ = {isa = PBXBuildFile; fileRef = 208EA3F116EA051100AF06CE /* SMEventDispatcher.m */; };
		208EA3FA16EA051100AF06CE /* SMEventNotifier.m in Sources */ = {isa = PBXBuildFile; fileRef = 208EA3F316EA051100AF06CE /* SMEventNotifier.m */; };
		208EA3FC16EA051100AF06CE /* SMTimer.m in Sources */ = {isa = PBXBuildFile; fileRef = 208EA3F716EA051100AF06CE /* SMTimer.m */; };
		208EA3FE16EA05ED00AF06CE /* AudioToolbox.framework in Frameworks */ = {isa = PBXBuildFile; fileRef = 208EA3FD16EA05ED00AF06CE /* AudioToolbox.framework */; };
		208EA40016EA05FA00AF06CE /* CFNetwork.framework in Frameworks */ = {isa = PBXBuildFile; fileRef = 208EA3FF16EA05FA00AF06CE /* CFNetwork.framework */; };
		208EA40216EA060100AF06CE /* CoreAudio.framework in Frameworks */ = {isa = PBXBuildFile; fileRef = 208EA40116EA060100AF06CE /* CoreAudio.framework */; };
		208EA40416EA060500AF06CE /* AVFoundation.framework in Frameworks */ = {isa = PBXBuildFile; fileRef = 208EA40316EA060500AF06CE /* AVFoundation.framework */; };
		208EA40716EA0EC900AF06CE /* podcasts.plist in Resources */ = {isa = PBXBuildFile; fileRef = 208EA40616EA0EC900AF06CE /* podcasts.plist */; };
		208EA40916EA16B300AF06CE /* MediaPlayer.framework in Frameworks */ = {isa = PBXBuildFile; fileRef = 208EA40816EA16B300AF06CE /* MediaPlayer.framework */; };
		208EA40C16EA1C0C00AF06CE /* PodcastTester.m in Sources */ = {isa = PBXBuildFile; fileRef = 208EA40B16EA1C0B00AF06CE /* PodcastTester.m */; };
		208EA41116EA24AC00AF06CE /* PodcastViewController.m in Sources */ = {isa = PBXBuildFile; fileRef = 208EA40F16EA24AC00AF06CE /* PodcastViewController.m */; };
		208EA41216EA24AC00AF06CE /* PodcastViewController_iPhone.xib in Resources */ = {isa = PBXBuildFile; fileRef = 208EA41016EA24AC00AF06CE /* PodcastViewController_iPhone.xib */; };
		208EA41516EA2DB000AF06CE /* PodcastInfoCell.m in Sources */ = {isa = PBXBuildFile; fileRef = 208EA41416EA2DB000AF06CE /* PodcastInfoCell.m */; };
		208EA41916EA2E7500AF06CE /* PodcastInfoCell_iPhone.xib in Resources */ = {isa = PBXBuildFile; fileRef = 208EA41816EA2E7500AF06CE /* PodcastInfoCell_iPhone.xib */; };
		208EA41B16EA2EAC00AF06CE /* PodcastInfoCell_iPad.xib in Resources */ = {isa = PBXBuildFile; fileRef = 208EA41A16EA2EAC00AF06CE /* PodcastInfoCell_iPad.xib */; };
		20F5510916EB5987004B85F6 /* PodcastTrackInfoCell.m in Sources */ = {isa = PBXBuildFile; fileRef = 20F5510816EB5987004B85F6 /* PodcastTrackInfoCell.m */; };
		20F5510C16EB599C004B85F6 /* PodcastInfoViewController.m in Sources */ = {isa = PBXBuildFile; fileRef = 20F5510B16EB599C004B85F6 /* PodcastInfoViewController.m */; };
		20F5511016EB59CD004B85F6 /* PodcastInfoViewController_iPhone.xib in Resources */ = {isa = PBXBuildFile; fileRef = 20F5510F16EB59CD004B85F6 /* PodcastInfoViewController_iPhone.xib */; };
		20F5511216EB59DA004B85F6 /* PodcastInfoViewController_iPad.xib in Resources */ = {isa = PBXBuildFile; fileRef = 20F5511116EB59DA004B85F6 /* PodcastInfoViewController_iPad.xib */; };
		20F5511416EB59EF004B85F6 /* PodcastTrackInfoCell_iPad.xib in Resources */ = {isa = PBXBuildFile; fileRef = 20F5511316EB59EF004B85F6 /* PodcastTrackInfoCell_iPad.xib */; };
		20F5511616EB59FA004B85F6 /* PodcastTrackInfoCell_iPhone.xib in Resources */ = {isa = PBXBuildFile; fileRef = 20F5511516EB59FA004B85F6 /* PodcastTrackInfoCell_iPhone.xib */; };
/* End PBXBuildFile section */

/* Begin PBXFileReference section */
		208EA3BC16EA039700AF06CE /* PodcastManager.app */ = {isa = PBXFileReference; explicitFileType = wrapper.application; includeInIndex = 0; path = PodcastManager.app; sourceTree = BUILT_PRODUCTS_DIR; };
		208EA3BF16EA039700AF06CE /* UIKit.framework */ = {isa = PBXFileReference; lastKnownFileType = wrapper.framework; name = UIKit.framework; path = System/Library/Frameworks/UIKit.framework; sourceTree = SDKROOT; };
		208EA3C116EA039700AF06CE /* Foundation.framework */ = {isa = PBXFileReference; lastKnownFileType = wrapper.framework; name = Foundation.framework; path = System/Library/Frameworks/Foundation.framework; sourceTree = SDKROOT; };
		208EA3C316EA039700AF06CE /* CoreGraphics.framework */ = {isa = PBXFileReference; lastKnownFileType = wrapper.framework; name = CoreGraphics.framework; path = System/Library/Frameworks/CoreGraphics.framework; sourceTree = SDKROOT; };
		208EA3C716EA039700AF06CE /* PodcastManager-Info.plist */ = {isa = PBXFileReference; lastKnownFileType = text.plist.xml; path = "PodcastManager-Info.plist"; sourceTree = "<group>"; };
		208EA3C916EA039700AF06CE /* en */ = {isa = PBXFileReference; lastKnownFileType = text.plist.strings; name = en; path = en.lproj/InfoPlist.strings; sourceTree = "<group>"; };
		208EA3CB16EA039700AF06CE /* main.m */ = {isa = PBXFileReference; lastKnownFileType = sourcecode.c.objc; path = main.m; sourceTree = "<group>"; };
		208EA3CD16EA039700AF06CE /* PodcastManager-Prefix.pch */ = {isa = PBXFileReference; lastKnownFileType = sourcecode.c.h; path = "PodcastManager-Prefix.pch"; sourceTree = "<group>"; };
		208EA3CE16EA039700AF06CE /* AppDelegate.h */ = {isa = PBXFileReference; lastKnownFileType = sourcecode.c.h; path = AppDelegate.h; sourceTree = "<group>"; };
		208EA3CF16EA039700AF06CE /* AppDelegate.m */ = {isa = PBXFileReference; lastKnownFileType = sourcecode.c.objc; path = AppDelegate.m; sourceTree = "<group>"; };
		208EA3D116EA039700AF06CE /* Default.png */ = {isa = PBXFileReference; lastKnownFileType = image.png; path = Default.png; sourceTree = "<group>"; };
		208EA3D316EA039700AF06CE /* Default@2x.png */ = {isa = PBXFileReference; lastKnownFileType = image.png; path = "Default@2x.png"; sourceTree = "<group>"; };
		208EA3D516EA039700AF06CE /* Default-568h@2x.png */ = {isa = PBXFileReference; lastKnownFileType = image.png; path = "Default-568h@2x.png"; sourceTree = "<group>"; };
		208EA3D716EA039700AF06CE /* ViewController.h */ = {isa = PBXFileReference; lastKnownFileType = sourcecode.c.h; path = ViewController.h; sourceTree = "<group>"; };
		208EA3D816EA039700AF06CE /* ViewController.m */ = {isa = PBXFileReference; lastKnownFileType = sourcecode.c.objc; path = ViewController.m; sourceTree = "<group>"; };
		208EA3DB16EA039700AF06CE /* en */ = {isa = PBXFileReference; lastKnownFileType = file.xib; name = en; path = en.lproj/ViewController_iPhone.xib; sourceTree = "<group>"; };
		208EA3DE16EA039700AF06CE /* en */ = {isa = PBXFileReference; lastKnownFileType = file.xib; name = en; path = en.lproj/ViewController_iPad.xib; sourceTree = "<group>"; };
		208EA3E616EA048000AF06CE /* AudioStreamer.h */ = {isa = PBXFileReference; fileEncoding = 4; lastKnownFileType = sourcecode.c.h; path = AudioStreamer.h; sourceTree = "<group>"; };
		208EA3E716EA048000AF06CE /* AudioStreamer.m */ = {isa = PBXFileReference; fileEncoding = 4; lastKnownFileType = sourcecode.c.objc; path = AudioStreamer.m; sourceTree = "<group>"; };
		208EA3E816EA048000AF06CE /* PodcastEngine.h */ = {isa = PBXFileReference; fileEncoding = 4; lastKnownFileType = sourcecode.c.h; path = PodcastEngine.h; sourceTree = "<group>"; };
		208EA3E916EA048000AF06CE /* PodcastEngine.m */ = {isa = PBXFileReference; fileEncoding = 4; lastKnownFileType = sourcecode.c.objc; path = PodcastEngine.m; sourceTree = "<group>"; };
		208EA3EE16EA051100AF06CE /* SMEvent.h */ = {isa = PBXFileReference; fileEncoding = 4; lastKnownFileType = sourcecode.c.h; path = SMEvent.h; sourceTree = "<group>"; };
		208EA3EF16EA051100AF06CE /* SMEvent.m */ = {isa = PBXFileReference; fileEncoding = 4; lastKnownFileType = sourcecode.c.objc; path = SMEvent.m; sourceTree = "<group>"; };
		208EA3F016EA051100AF06CE /* SMEventDispatcher.h */ = {isa = PBXFileReference; fileEncoding = 4; lastKnownFileType = sourcecode.c.h; path = SMEventDispatcher.h; sourceTree = "<group>"; };
		208EA3F116EA051100AF06CE /* SMEventDispatcher.m */ = {isa = PBXFileReference; fileEncoding = 4; lastKnownFileType = sourcecode.c.objc; path = SMEventDispatcher.m; sourceTree = "<group>"; };
		208EA3F216EA051100AF06CE /* SMEventNotifier.h */ = {isa = PBXFileReference; fileEncoding = 4; lastKnownFileType = sourcecode.c.h; path = SMEventNotifier.h; sourceTree = "<group>"; };
		208EA3F316EA051100AF06CE /* SMEventNotifier.m */ = {isa = PBXFileReference; fileEncoding = 4; lastKnownFileType = sourcecode.c.objc; path = SMEventNotifier.m; sourceTree = "<group>"; };
		208EA3F616EA051100AF06CE /* SMTimer.h */ = {isa = PBXFileReference; fileEncoding = 4; lastKnownFileType = sourcecode.c.h; path = SMTimer.h; sourceTree = "<group>"; };
		208EA3F716EA051100AF06CE /* SMTimer.m */ = {isa = PBXFileReference; fileEncoding = 4; lastKnownFileType = sourcecode.c.objc; path = SMTimer.m; sourceTree = "<group>"; };
		208EA3FD16EA05ED00AF06CE /* AudioToolbox.framework */ = {isa = PBXFileReference; lastKnownFileType = wrapper.framework; name = AudioToolbox.framework; path = System/Library/Frameworks/AudioToolbox.framework; sourceTree = SDKROOT; };
		208EA3FF16EA05FA00AF06CE /* CFNetwork.framework */ = {isa = PBXFileReference; lastKnownFileType = wrapper.framework; name = CFNetwork.framework; path = System/Library/Frameworks/CFNetwork.framework; sourceTree = SDKROOT; };
		208EA40116EA060100AF06CE /* CoreAudio.framework */ = {isa = PBXFileReference; lastKnownFileType = wrapper.framework; name = CoreAudio.framework; path = System/Library/Frameworks/CoreAudio.framework; sourceTree = SDKROOT; };
		208EA40316EA060500AF06CE /* AVFoundation.framework */ = {isa = PBXFileReference; lastKnownFileType = wrapper.framework; name = AVFoundation.framework; path = System/Library/Frameworks/AVFoundation.framework; sourceTree = SDKROOT; };
		208EA40616EA0EC900AF06CE /* podcasts.plist */ = {isa = PBXFileReference; fileEncoding = 4; lastKnownFileType = text.plist.xml; path = podcasts.plist; sourceTree = "<group>"; };
		208EA40816EA16B300AF06CE /* MediaPlayer.framework */ = {isa = PBXFileReference; lastKnownFileType = wrapper.framework; name = MediaPlayer.framework; path = System/Library/Frameworks/MediaPlayer.framework; sourceTree = SDKROOT; };
		208EA40A16EA1C0B00AF06CE /* PodcastTester.h */ = {isa = PBXFileReference; fileEncoding = 4; lastKnownFileType = sourcecode.c.h; path = PodcastTester.h; sourceTree = "<group>"; };
		208EA40B16EA1C0B00AF06CE /* PodcastTester.m */ = {isa = PBXFileReference; fileEncoding = 4; lastKnownFileType = sourcecode.c.objc; path = PodcastTester.m; sourceTree = "<group>"; };
		208EA40E16EA24AC00AF06CE /* PodcastViewController.h */ = {isa = PBXFileReference; fileEncoding = 4; lastKnownFileType = sourcecode.c.h; path = PodcastViewController.h; sourceTree = "<group>"; };
		208EA40F16EA24AC00AF06CE /* PodcastViewController.m */ = {isa = PBXFileReference; fileEncoding = 4; lastKnownFileType = sourcecode.c.objc; path = PodcastViewController.m; sourceTree = "<group>"; };
		208EA41016EA24AC00AF06CE /* PodcastViewController_iPhone.xib */ = {isa = PBXFileReference; fileEncoding = 4; lastKnownFileType = file.xib; path = PodcastViewController_iPhone.xib; sourceTree = "<group>"; };
		208EA41316EA2DB000AF06CE /* PodcastInfoCell.h */ = {isa = PBXFileReference; fileEncoding = 4; lastKnownFileType = sourcecode.c.h; path = PodcastInfoCell.h; sourceTree = "<group>"; };
		208EA41416EA2DB000AF06CE /* PodcastInfoCell.m */ = {isa = PBXFileReference; fileEncoding = 4; lastKnownFileType = sourcecode.c.objc; path = PodcastInfoCell.m; sourceTree = "<group>"; };
		208EA41816EA2E7500AF06CE /* PodcastInfoCell_iPhone.xib */ = {isa = PBXFileReference; fileEncoding = 4; lastKnownFileType = file.xib; path = PodcastInfoCell_iPhone.xib; sourceTree = "<group>"; };
		208EA41A16EA2EAC00AF06CE /* PodcastInfoCell_iPad.xib */ = {isa = PBXFileReference; fileEncoding = 4; lastKnownFileType = file.xib; path = PodcastInfoCell_iPad.xib; sourceTree = "<group>"; };
		20F5510716EB5987004B85F6 /* PodcastTrackInfoCell.h */ = {isa = PBXFileReference; fileEncoding = 4; lastKnownFileType = sourcecode.c.h; path = PodcastTrackInfoCell.h; sourceTree = "<group>"; };
		20F5510816EB5987004B85F6 /* PodcastTrackInfoCell.m */ = {isa = PBXFileReference; fileEncoding = 4; lastKnownFileType = sourcecode.c.objc; path = PodcastTrackInfoCell.m; sourceTree = "<group>"; };
		20F5510A16EB599C004B85F6 /* PodcastInfoViewController.h */ = {isa = PBXFileReference; fileEncoding = 4; lastKnownFileType = sourcecode.c.h; path = PodcastInfoViewController.h; sourceTree = "<group>"; };
		20F5510B16EB599C004B85F6 /* PodcastInfoViewController.m */ = {isa = PBXFileReference; fileEncoding = 4; lastKnownFileType = sourcecode.c.objc; path = PodcastInfoViewController.m; sourceTree = "<group>"; };
		20F5510F16EB59CD004B85F6 /* PodcastInfoViewController_iPhone.xib */ = {isa = PBXFileReference; fileEncoding = 4; lastKnownFileType = file.xib; path = PodcastInfoViewController_iPhone.xib; sourceTree = "<group>"; };
		20F5511116EB59DA004B85F6 /* PodcastInfoViewController_iPad.xib */ = {isa = PBXFileReference; fileEncoding = 4; lastKnownFileType = file.xib; path = PodcastInfoViewController_iPad.xib; sourceTree = "<group>"; };
		20F5511316EB59EF004B85F6 /* PodcastTrackInfoCell_iPad.xib */ = {isa = PBXFileReference; fileEncoding = 4; lastKnownFileType = file.xib; path = PodcastTrackInfoCell_iPad.xib; sourceTree = "<group>"; };
		20F5511516EB59FA004B85F6 /* PodcastTrackInfoCell_iPhone.xib */ = {isa = PBXFileReference; fileEncoding = 4; lastKnownFileType = file.xib; path = PodcastTrackInfoCell_iPhone.xib; sourceTree = "<group>"; };
/* End PBXFileReference section */

/* Begin PBXFrameworksBuildPhase section */
		208EA3B916EA039700AF06CE /* Frameworks */ = {
			isa = PBXFrameworksBuildPhase;
			buildActionMask = 2147483647;
			files = (
				208EA40916EA16B300AF06CE /* MediaPlayer.framework in Frameworks */,
				208EA40416EA060500AF06CE /* AVFoundation.framework in Frameworks */,
				208EA40216EA060100AF06CE /* CoreAudio.framework in Frameworks */,
				208EA40016EA05FA00AF06CE /* CFNetwork.framework in Frameworks */,
				208EA3FE16EA05ED00AF06CE /* AudioToolbox.framework in Frameworks */,
				208EA3C016EA039700AF06CE /* UIKit.framework in Frameworks */,
				208EA3C216EA039700AF06CE /* Foundation.framework in Frameworks */,
				208EA3C416EA039700AF06CE /* CoreGraphics.framework in Frameworks */,
			);
			runOnlyForDeploymentPostprocessing = 0;
		};
/* End PBXFrameworksBuildPhase section */

/* Begin PBXGroup section */
		208EA3B316EA039700AF06CE = {
			isa = PBXGroup;
			children = (
				208EA3C516EA039700AF06CE /* PodcastManager */,
				208EA3BE16EA039700AF06CE /* Frameworks */,
				208EA3BD16EA039700AF06CE /* Products */,
			);
			sourceTree = "<group>";
		};
		208EA3BD16EA039700AF06CE /* Products */ = {
			isa = PBXGroup;
			children = (
				208EA3BC16EA039700AF06CE /* PodcastManager.app */,
			);
			name = Products;
			sourceTree = "<group>";
		};
		208EA3BE16EA039700AF06CE /* Frameworks */ = {
			isa = PBXGroup;
			children = (
				208EA40816EA16B300AF06CE /* MediaPlayer.framework */,
				208EA40316EA060500AF06CE /* AVFoundation.framework */,
				208EA40116EA060100AF06CE /* CoreAudio.framework */,
				208EA3FF16EA05FA00AF06CE /* CFNetwork.framework */,
				208EA3FD16EA05ED00AF06CE /* AudioToolbox.framework */,
				208EA3BF16EA039700AF06CE /* UIKit.framework */,
				208EA3C116EA039700AF06CE /* Foundation.framework */,
				208EA3C316EA039700AF06CE /* CoreGraphics.framework */,
			);
			name = Frameworks;
			sourceTree = "<group>";
		};
		208EA3C516EA039700AF06CE /* PodcastManager */ = {
			isa = PBXGroup;
			children = (
				208EA3ED16EA051000AF06CE /* eventDispatcher */,
				208EA3E516EA048000AF06CE /* podcastEngine */,
				208EA3CE16EA039700AF06CE /* AppDelegate.h */,
				208EA3CF16EA039700AF06CE /* AppDelegate.m */,
				208EA3D716EA039700AF06CE /* ViewController.h */,
				208EA3D816EA039700AF06CE /* ViewController.m */,
				208EA3DA16EA039700AF06CE /* ViewController_iPhone.xib */,
				208EA3DD16EA039700AF06CE /* ViewController_iPad.xib */,
				208EA3C616EA039700AF06CE /* Supporting Files */,
			);
			path = PodcastManager;
			sourceTree = "<group>";
		};
		208EA3C616EA039700AF06CE /* Supporting Files */ = {
			isa = PBXGroup;
			children = (
				208EA3C716EA039700AF06CE /* PodcastManager-Info.plist */,
				208EA3C816EA039700AF06CE /* InfoPlist.strings */,
				208EA3CB16EA039700AF06CE /* main.m */,
				208EA3CD16EA039700AF06CE /* PodcastManager-Prefix.pch */,
				208EA3D116EA039700AF06CE /* Default.png */,
				208EA3D316EA039700AF06CE /* Default@2x.png */,
				208EA3D516EA039700AF06CE /* Default-568h@2x.png */,
			);
			name = "Supporting Files";
			sourceTree = "<group>";
		};
		208EA3E516EA048000AF06CE /* podcastEngine */ = {
			isa = PBXGroup;
			children = (
				208EA40D16EA248A00AF06CE /* view controller */,
				208EA40516EA0EAF00AF06CE /* Initial settings */,
				208EA3E616EA048000AF06CE /* AudioStreamer.h */,
				208EA3E716EA048000AF06CE /* AudioStreamer.m */,
				208EA3E816EA048000AF06CE /* PodcastEngine.h */,
				208EA3E916EA048000AF06CE /* PodcastEngine.m */,
				208EA40A16EA1C0B00AF06CE /* PodcastTester.h */,
				208EA40B16EA1C0B00AF06CE /* PodcastTester.m */,
			);
			path = podcastEngine;
			sourceTree = "<group>";
		};
		208EA3ED16EA051000AF06CE /* eventDispatcher */ = {
			isa = PBXGroup;
			children = (
				208EA3EE16EA051100AF06CE /* SMEvent.h */,
				208EA3EF16EA051100AF06CE /* SMEvent.m */,
				208EA3F016EA051100AF06CE /* SMEventDispatcher.h */,
				208EA3F116EA051100AF06CE /* SMEventDispatcher.m */,
				208EA3F216EA051100AF06CE /* SMEventNotifier.h */,
				208EA3F316EA051100AF06CE /* SMEventNotifier.m */,
				208EA3F616EA051100AF06CE /* SMTimer.h */,
				208EA3F716EA051100AF06CE /* SMTimer.m */,
			);
			path = eventDispatcher;
			sourceTree = "<group>";
		};
		208EA40516EA0EAF00AF06CE /* Initial settings */ = {
			isa = PBXGroup;
			children = (
				208EA40616EA0EC900AF06CE /* podcasts.plist */,
			);
			name = "Initial settings";
			sourceTree = "<group>";
		};
		208EA40D16EA248A00AF06CE /* view controller */ = {
			isa = PBXGroup;
			children = (
				20F5510616EB585C004B85F6 /* PodcastInfoViewController */,
				20F5510516EB584A004B85F6 /* PodcastViewController */,
			);
			name = "view controller";
			sourceTree = "<group>";
		};
		20F5510516EB584A004B85F6 /* PodcastViewController */ = {
			isa = PBXGroup;
			children = (
				20F5510D16EB59AC004B85F6 /* xib */,
				208EA40E16EA24AC00AF06CE /* PodcastViewController.h */,
				208EA40F16EA24AC00AF06CE /* PodcastViewController.m */,
				208EA41316EA2DB000AF06CE /* PodcastInfoCell.h */,
				208EA41416EA2DB000AF06CE /* PodcastInfoCell.m */,
			);
			name = PodcastViewController;
			sourceTree = "<group>";
		};
		20F5510616EB585C004B85F6 /* PodcastInfoViewController */ = {
			isa = PBXGroup;
			children = (
				20F5510E16EB59B8004B85F6 /* xib */,
				20F5510716EB5987004B85F6 /* PodcastTrackInfoCell.h */,
				20F5510816EB5987004B85F6 /* PodcastTrackInfoCell.m */,
				20F5510A16EB599C004B85F6 /* PodcastInfoViewController.h */,
				20F5510B16EB599C004B85F6 /* PodcastInfoViewController.m */,
			);
			name = PodcastInfoViewController;
			sourceTree = "<group>";
		};
		20F5510D16EB59AC004B85F6 /* xib */ = {
			isa = PBXGroup;
			children = (
				208EA41016EA24AC00AF06CE /* PodcastViewController_iPhone.xib */,
				208EA41816EA2E7500AF06CE /* PodcastInfoCell_iPhone.xib */,
				208EA41A16EA2EAC00AF06CE /* PodcastInfoCell_iPad.xib */,
			);
			name = xib;
			sourceTree = "<group>";
		};
		20F5510E16EB59B8004B85F6 /* xib */ = {
			isa = PBXGroup;
			children = (
				20F5510F16EB59CD004B85F6 /* PodcastInfoViewController_iPhone.xib */,
				20F5511116EB59DA004B85F6 /* PodcastInfoViewController_iPad.xib */,
				20F5511316EB59EF004B85F6 /* PodcastTrackInfoCell_iPad.xib */,
				20F5511516EB59FA004B85F6 /* PodcastTrackInfoCell_iPhone.xib */,
			);
			name = xib;
			sourceTree = "<group>";
		};
/* End PBXGroup section */

/* Begin PBXNativeTarget section */
		208EA3BB16EA039700AF06CE /* PodcastManager */ = {
			isa = PBXNativeTarget;
			buildConfigurationList = 208EA3E216EA039700AF06CE /* Build configuration list for PBXNativeTarget "PodcastManager" */;
			buildPhases = (
				208EA3B816EA039700AF06CE /* Sources */,
				208EA3B916EA039700AF06CE /* Frameworks */,
				208EA3BA16EA039700AF06CE /* Resources */,
			);
			buildRules = (
			);
			dependencies = (
			);
			name = PodcastManager;
			productName = PodcastManager;
			productReference = 208EA3BC16EA039700AF06CE /* PodcastManager.app */;
			productType = "com.apple.product-type.application";
		};
/* End PBXNativeTarget section */

/* Begin PBXProject section */
		208EA3B416EA039700AF06CE /* Project object */ = {
			isa = PBXProject;
			attributes = {
				LastUpgradeCheck = 0460;
				ORGANIZATIONNAME = "Ivan Trifonov";
			};
			buildConfigurationList = 208EA3B716EA039700AF06CE /* Build configuration list for PBXProject "PodcastManager" */;
			compatibilityVersion = "Xcode 3.2";
			developmentRegion = English;
			hasScannedForEncodings = 0;
			knownRegions = (
				en,
			);
			mainGroup = 208EA3B316EA039700AF06CE;
			productRefGroup = 208EA3BD16EA039700AF06CE /* Products */;
			projectDirPath = "";
			projectRoot = "";
			targets = (
				208EA3BB16EA039700AF06CE /* PodcastManager */,
			);
		};
/* End PBXProject section */

/* Begin PBXResourcesBuildPhase section */
		208EA3BA16EA039700AF06CE /* Resources */ = {
			isa = PBXResourcesBuildPhase;
			buildActionMask = 2147483647;
			files = (
				208EA3CA16EA039700AF06CE /* InfoPlist.strings in Resources */,
				208EA3D216EA039700AF06CE /* Default.png in Resources */,
				208EA3D416EA039700AF06CE /* Default@2x.png in Resources */,
				208EA3D616EA039700AF06CE /* Default-568h@2x.png in Resources */,
				208EA3DC16EA039700AF06CE /* ViewController_iPhone.xib in Resources */,
				208EA3DF16EA039700AF06CE /* ViewController_iPad.xib in Resources */,
				208EA40716EA0EC900AF06CE /* podcasts.plist in Resources */,
				208EA41216EA24AC00AF06CE /* PodcastViewController_iPhone.xib in Resources */,
				208EA41916EA2E7500AF06CE /* PodcastInfoCell_iPhone.xib in Resources */,
				208EA41B16EA2EAC00AF06CE /* PodcastInfoCell_iPad.xib in Resources */,
				20F5511016EB59CD004B85F6 /* PodcastInfoViewController_iPhone.xib in Resources */,
				20F5511216EB59DA004B85F6 /* PodcastInfoViewController_iPad.xib in Resources */,
				20F5511416EB59EF004B85F6 /* PodcastTrackInfoCell_iPad.xib in Resources */,
				20F5511616EB59FA004B85F6 /* PodcastTrackInfoCell_iPhone.xib in Resources */,
			);
			runOnlyForDeploymentPostprocessing = 0;
		};
/* End PBXResourcesBuildPhase section */

/* Begin PBXSourcesBuildPhase section */
		208EA3B816EA039700AF06CE /* Sources */ = {
			isa = PBXSourcesBuildPhase;
			buildActionMask = 2147483647;
			files = (
				208EA3CC16EA039700AF06CE /* main.m in Sources */,
				208EA3D016EA039700AF06CE /* AppDelegate.m in Sources */,
				208EA3D916EA039700AF06CE /* ViewController.m in Sources */,
				208EA3EA16EA048000AF06CE /* AudioStreamer.m in Sources */,
				208EA3EB16EA048000AF06CE /* PodcastEngine.m in Sources */,
				208EA3F816EA051100AF06CE /* SMEvent.m in Sources */,
				208EA3F916EA051100AF06CE /* SMEventDispatcher.m in Sources */,
				208EA3FA16EA051100AF06CE /* SMEventNotifier.m in Sources */,
				208EA3FC16EA051100AF06CE /* SMTimer.m in Sources */,
				208EA40C16EA1C0C00AF06CE /* PodcastTester.m in Sources */,
				208EA41116EA24AC00AF06CE /* PodcastViewController.m in Sources */,
				208EA41516EA2DB000AF06CE /* PodcastInfoCell.m in Sources */,
				20F5510916EB5987004B85F6 /* PodcastTrackInfoCell.m in Sources */,
				20F5510C16EB599C004B85F6 /* PodcastInfoViewController.m in Sources */,
			);
			runOnlyForDeploymentPostprocessing = 0;
		};
/* End PBXSourcesBuildPhase section */

/* Begin PBXVariantGroup section */
		208EA3C816EA039700AF06CE /* InfoPlist.strings */ = {
			isa = PBXVariantGroup;
			children = (
				208EA3C916EA039700AF06CE /* en */,
			);
			name = InfoPlist.strings;
			sourceTree = "<group>";
		};
		208EA3DA16EA039700AF06CE /* ViewController_iPhone.xib */ = {
			isa = PBXVariantGroup;
			children = (
				208EA3DB16EA039700AF06CE /* en */,
			);
			name = ViewController_iPhone.xib;
			sourceTree = "<group>";
		};
		208EA3DD16EA039700AF06CE /* ViewController_iPad.xib */ = {
			isa = PBXVariantGroup;
			children = (
				208EA3DE16EA039700AF06CE /* en */,
			);
			name = ViewController_iPad.xib;
			sourceTree = "<group>";
		};
/* End PBXVariantGroup section */

/* Begin XCBuildConfiguration section */
		208EA3E016EA039700AF06CE /* Debug */ = {
			isa = XCBuildConfiguration;
			buildSettings = {
				ALWAYS_SEARCH_USER_PATHS = NO;
				CLANG_CXX_LANGUAGE_STANDARD = "gnu++0x";
				CLANG_CXX_LIBRARY = "libc++";
				CLANG_ENABLE_OBJC_ARC = YES;
				CLANG_WARN_CONSTANT_CONVERSION = YES;
				CLANG_WARN_EMPTY_BODY = YES;
				CLANG_WARN_ENUM_CONVERSION = YES;
				CLANG_WARN_INT_CONVERSION = YES;
				CLANG_WARN__DUPLICATE_METHOD_MATCH = YES;
				"CODE_SIGN_IDENTITY[sdk=iphoneos*]" = "iPhone Developer";
				COPY_PHASE_STRIP = NO;
				GCC_C_LANGUAGE_STANDARD = gnu99;
				GCC_DYNAMIC_NO_PIC = NO;
				GCC_OPTIMIZATION_LEVEL = 0;
				GCC_PREPROCESSOR_DEFINITIONS = (
					"DEBUG=1",
					"$(inherited)",
				);
				GCC_SYMBOLS_PRIVATE_EXTERN = NO;
				GCC_WARN_ABOUT_RETURN_TYPE = YES;
				GCC_WARN_UNINITIALIZED_AUTOS = YES;
				GCC_WARN_UNUSED_VARIABLE = YES;
				IPHONEOS_DEPLOYMENT_TARGET = 6.0;
				ONLY_ACTIVE_ARCH = YES;
				SDKROOT = iphoneos;
				TARGETED_DEVICE_FAMILY = "1,2";
			};
			name = Debug;
		};
		208EA3E116EA039700AF06CE /* Release */ = {
			isa = XCBuildConfiguration;
			buildSettings = {
				ALWAYS_SEARCH_USER_PATHS = NO;
				CLANG_CXX_LANGUAGE_STANDARD = "gnu++0x";
				CLANG_CXX_LIBRARY = "libc++";
				CLANG_ENABLE_OBJC_ARC = YES;
				CLANG_WARN_CONSTANT_CONVERSION = YES;
				CLANG_WARN_EMPTY_BODY = YES;
				CLANG_WARN_ENUM_CONVERSION = YES;
				CLANG_WARN_INT_CONVERSION = YES;
				CLANG_WARN__DUPLICATE_METHOD_MATCH = YES;
				"CODE_SIGN_IDENTITY[sdk=iphoneos*]" = "iPhone Developer";
				COPY_PHASE_STRIP = YES;
				GCC_C_LANGUAGE_STANDARD = gnu99;
				GCC_WARN_ABOUT_RETURN_TYPE = YES;
				GCC_WARN_UNINITIALIZED_AUTOS = YES;
				GCC_WARN_UNUSED_VARIABLE = YES;
				IPHONEOS_DEPLOYMENT_TARGET = 6.0;
				OTHER_CFLAGS = "-DNS_BLOCK_ASSERTIONS=1";
				SDKROOT = iphoneos;
				TARGETED_DEVICE_FAMILY = "1,2";
				VALIDATE_PRODUCT = YES;
			};
			name = Release;
		};
		208EA3E316EA039700AF06CE /* Debug */ = {
			isa = XCBuildConfiguration;
			buildSettings = {
				GCC_PRECOMPILE_PREFIX_HEADER = YES;
				GCC_PREFIX_HEADER = "PodcastManager/PodcastManager-Prefix.pch";
				INFOPLIST_FILE = "PodcastManager/PodcastManager-Info.plist";
				PRODUCT_NAME = "$(TARGET_NAME)";
				WRAPPER_EXTENSION = app;
			};
			name = Debug;
		};
		208EA3E416EA039700AF06CE /* Release */ = {
			isa = XCBuildConfiguration;
			buildSettings = {
				GCC_PRECOMPILE_PREFIX_HEADER = YES;
				GCC_PREFIX_HEADER = "PodcastManager/PodcastManager-Prefix.pch";
				INFOPLIST_FILE = "PodcastManager/PodcastManager-Info.plist";
				PRODUCT_NAME = "$(TARGET_NAME)";
				WRAPPER_EXTENSION = app;
			};
			name = Release;
		};
/* End XCBuildConfiguration section */

/* Begin XCConfigurationList section */
		208EA3B716EA039700AF06CE /* Build configuration list for PBXProject "PodcastManager" */ = {
			isa = XCConfigurationList;
			buildConfigurations = (
				208EA3E016EA039700AF06CE /* Debug */,
				208EA3E116EA039700AF06CE /* Release */,
			);
			defaultConfigurationIsVisible = 0;
			defaultConfigurationName = Release;
		};
		208EA3E216EA039700AF06CE /* Build configuration list for PBXNativeTarget "PodcastManager" */ = {
			isa = XCConfigurationList;
			buildConfigurations = (
				208EA3E316EA039700AF06CE /* Debug */,
				208EA3E416EA039700AF06CE /* Release */,
			);
			defaultConfigurationIsVisible = 0;
			defaultConfigurationName = Release;
		};
/* End XCConfigurationList section */
	};
	rootObject = 208EA3B416EA039700AF06CE /* Project object */;
}
